
Microsoft Visual Studio Solution File, Format Version 12.00
# Visual Studio 14
VisualStudioVersion = 14.0.24720.0
MinimumVisualStudioVersion = 10.0.40219.1
Project("{FAE04EC0-301F-11D3-BF4B-00C04F79EFBC}") = "FreeRDC.Master", "FreeRDC.Master\FreeRDC.Master.csproj", "{E5B609A7-67DB-46B0-81CC-ED3E17D5C1A8}"
EndProject
Project("{FAE04EC0-301F-11D3-BF4B-00C04F79EFBC}") = "FreeRDC.Network", "FreeRDC.Network\FreeRDC.Network.csproj", "{66FCD2D8-8EA8-4A59-8E1D-C6D13AB1D51D}"
EndProject
Project("{FAE04EC0-301F-11D3-BF4B-00C04F79EFBC}") = "FreeRDC.Network.Master", "FreeRDC.Network.Master\FreeRDC.Network.Master.csproj", "{E33D00FA-A0FE-44AC-A288-97D07605E0D6}"
EndProject
Project("{FAE04EC0-301F-11D3-BF4B-00C04F79EFBC}") = "FreeRDC.Test", "FreeRDC.Test\FreeRDC.Test.csproj", "{51C67176-B447-4AAE-9C28-260313AAA8CF}"
EndProject
Project("{FAE04EC0-301F-11D3-BF4B-00C04F79EFBC}") = "FreeRDC.Network.Host", "FreeRDC.Network.Host\FreeRDC.Network.Host.csproj", "{BB4CEDE8-5FC8-428A-9E53-A739E5F7A43F}"
EndProject
Project("{FAE04EC0-301F-11D3-BF4B-00C04F79EFBC}") = "FreeRDC.Common", "FreeRDC.Common\FreeRDC.Common.csproj", "{73FB8487-173A-4041-93C9-852E1CA473D9}"
EndProject
Project("{FAE04EC0-301F-11D3-BF4B-00C04F79EFBC}") = "FreeRDC.Network.Client", "FreeRDC.Network.Client\FreeRDC.Network.Client.csproj", "{B806FA03-B22E-46F4-AA1C-4962F026EA80}"
EndProject
Project("{2150E333-8FDC-42A3-9474-1A3956D46DE8}") = "Libs", "Libs", "{EABCEDDE-46B4-4AC0-B878-63A05528072F}"
EndProject
Project("{2150E333-8FDC-42A3-9474-1A3956D46DE8}") = "Services", "Services", "{C81485B2-EE40-436C-AF15-BC88C79E3247}"
EndProject
Project("{2150E333-8FDC-42A3-9474-1A3956D46DE8}") = "Apps", "Apps", "{FB81B7EC-EDB7-4FBD-9C06-30E8AC2864DC}"
EndProject
Project("{2150E333-8FDC-42A3-9474-1A3956D46DE8}") = "Tests", "Tests", "{0843D997-AC93-4D2C-8D5F-CC8B8FF3DE8F}"
EndProject
Project("{FAE04EC0-301F-11D3-BF4B-00C04F79EFBC}") = "FreeRDC.Host", "FreeRDC.Host\FreeRDC.Host.csproj", "{50F8B961-F35B-48A0-AA23-B85AD5DC3860}"
EndProject
Project("{FAE04EC0-301F-11D3-BF4B-00C04F79EFBC}") = "FreeRDC.Client", "FreeRDC.Client\FreeRDC.Client.csproj", "{94674DCF-54AB-487D-8349-4C6D30DB9478}"
EndProject
Project("{2150E333-8FDC-42A3-9474-1A3956D46DE8}") = "External", "External", "{688F7189-FC94-4CFD-94B7-F5C66F03FE21}"
EndProject
Project("{FAE04EC0-301F-11D3-BF4B-00C04F79EFBC}") = "SharpRUDP", "SharpRUDP\SharpRUDP\SharpRUDP\SharpRUDP.csproj", "{65CCEF8D-4F60-49B9-81D4-2A71570F1A20}"
EndProject
Global
	GlobalSection(SolutionConfigurationPlatforms) = preSolution
		Debug|Any CPU = Debug|Any CPU
		Debug|x86 = Debug|x86
		Release|Any CPU = Release|Any CPU
		Release|x86 = Release|x86
	EndGlobalSection
	GlobalSection(ProjectConfigurationPlatforms) = postSolution
		{E5B609A7-67DB-46B0-81CC-ED3E17D5C1A8}.Debug|Any CPU.ActiveCfg = Debug|Any CPU
		{E5B609A7-67DB-46B0-81CC-ED3E17D5C1A8}.Debug|Any CPU.Build.0 = Debug|Any CPU
		{E5B609A7-67DB-46B0-81CC-ED3E17D5C1A8}.Debug|x86.ActiveCfg = Debug|Any CPU
		{E5B609A7-67DB-46B0-81CC-ED3E17D5C1A8}.Release|Any CPU.ActiveCfg = Release|Any CPU
		{E5B609A7-67DB-46B0-81CC-ED3E17D5C1A8}.Release|Any CPU.Build.0 = Release|Any CPU
		{E5B609A7-67DB-46B0-81CC-ED3E17D5C1A8}.Release|x86.ActiveCfg = Release|Any CPU
		{66FCD2D8-8EA8-4A59-8E1D-C6D13AB1D51D}.Debug|Any CPU.ActiveCfg = Debug|Any CPU
		{66FCD2D8-8EA8-4A59-8E1D-C6D13AB1D51D}.Debug|Any CPU.Build.0 = Debug|Any CPU
		{66FCD2D8-8EA8-4A59-8E1D-C6D13AB1D51D}.Debug|x86.ActiveCfg = Debug|Any CPU
		{66FCD2D8-8EA8-4A59-8E1D-C6D13AB1D51D}.Debug|x86.Build.0 = Debug|Any CPU
		{66FCD2D8-8EA8-4A59-8E1D-C6D13AB1D51D}.Release|Any CPU.ActiveCfg = Release|Any CPU
		{66FCD2D8-8EA8-4A59-8E1D-C6D13AB1D51D}.Release|Any CPU.Build.0 = Release|Any CPU
		{66FCD2D8-8EA8-4A59-8E1D-C6D13AB1D51D}.Release|x86.ActiveCfg = Release|Any CPU
		{66FCD2D8-8EA8-4A59-8E1D-C6D13AB1D51D}.Release|x86.Build.0 = Release|Any CPU
		{E33D00FA-A0FE-44AC-A288-97D07605E0D6}.Debug|Any CPU.ActiveCfg = Debug|Any CPU
		{E33D00FA-A0FE-44AC-A288-97D07605E0D6}.Debug|Any CPU.Build.0 = Debug|Any CPU
		{E33D00FA-A0FE-44AC-A288-97D07605E0D6}.Debug|x86.ActiveCfg = Debug|Any CPU
		{E33D00FA-A0FE-44AC-A288-97D07605E0D6}.Debug|x86.Build.0 = Debug|Any CPU
		{E33D00FA-A0FE-44AC-A288-97D07605E0D6}.Release|Any CPU.ActiveCfg = Release|Any CPU
		{E33D00FA-A0FE-44AC-A288-97D07605E0D6}.Release|Any CPU.Build.0 = Release|Any CPU
		{E33D00FA-A0FE-44AC-A288-97D07605E0D6}.Release|x86.ActiveCfg = Release|Any CPU
		{E33D00FA-A0FE-44AC-A288-97D07605E0D6}.Release|x86.Build.0 = Release|Any CPU
		{51C67176-B447-4AAE-9C28-260313AAA8CF}.Debug|Any CPU.ActiveCfg = Debug|Any CPU
		{51C67176-B447-4AAE-9C28-260313AAA8CF}.Debug|Any CPU.Build.0 = Debug|Any CPU
		{51C67176-B447-4AAE-9C28-260313AAA8CF}.Debug|x86.ActiveCfg = Debug|Any CPU
		{51C67176-B447-4AAE-9C28-260313AAA8CF}.Debug|x86.Build.0 = Debug|Any CPU
		{51C67176-B447-4AAE-9C28-260313AAA8CF}.Release|Any CPU.ActiveCfg = Release|Any CPU
		{51C67176-B447-4AAE-9C28-260313AAA8CF}.Release|Any CPU.Build.0 = Release|Any CPU
		{51C67176-B447-4AAE-9C28-260313AAA8CF}.Release|x86.ActiveCfg = Release|Any CPU
		{51C67176-B447-4AAE-9C28-260313AAA8CF}.Release|x86.Build.0 = Release|Any CPU
		{BB4CEDE8-5FC8-428A-9E53-A739E5F7A43F}.Debug|Any CPU.ActiveCfg = Debug|Any CPU
		{BB4CEDE8-5FC8-428A-9E53-A739E5F7A43F}.Debug|Any CPU.Build.0 = Debug|Any CPU
		{BB4CEDE8-5FC8-428A-9E53-A739E5F7A43F}.Debug|x86.ActiveCfg = Debug|Any CPU
		{BB4CEDE8-5FC8-428A-9E53-A739E5F7A43F}.Debug|x86.Build.0 = Debug|Any CPU
		{BB4CEDE8-5FC8-428A-9E53-A739E5F7A43F}.Release|Any CPU.ActiveCfg = Release|Any CPU
		{BB4CEDE8-5FC8-428A-9E53-A739E5F7A43F}.Release|Any CPU.Build.0 = Release|Any CPU
		{BB4CEDE8-5FC8-428A-9E53-A739E5F7A43F}.Release|x86.ActiveCfg = Release|Any CPU
		{BB4CEDE8-5FC8-428A-9E53-A739E5F7A43F}.Release|x86.Build.0 = Release|Any CPU
		{73FB8487-173A-4041-93C9-852E1CA473D9}.Debug|Any CPU.ActiveCfg = Debug|Any CPU
		{73FB8487-173A-4041-93C9-852E1CA473D9}.Debug|Any CPU.Build.0 = Debug|Any CPU
		{73FB8487-173A-4041-93C9-852E1CA473D9}.Debug|x86.ActiveCfg = Debug|x86
		{73FB8487-173A-4041-93C9-852E1CA473D9}.Debug|x86.Build.0 = Debug|x86
		{73FB8487-173A-4041-93C9-852E1CA473D9}.Release|Any CPU.ActiveCfg = Release|Any CPU
		{73FB8487-173A-4041-93C9-852E1CA473D9}.Release|Any CPU.Build.0 = Release|Any CPU
		{73FB8487-173A-4041-93C9-852E1CA473D9}.Release|x86.ActiveCfg = Release|x86
		{73FB8487-173A-4041-93C9-852E1CA473D9}.Release|x86.Build.0 = Release|x86
		{B806FA03-B22E-46F4-AA1C-4962F026EA80}.Debug|Any CPU.ActiveCfg = Debug|Any CPU
		{B806FA03-B22E-46F4-AA1C-4962F026EA80}.Debug|Any CPU.Build.0 = Debug|Any CPU
		{B806FA03-B22E-46F4-AA1C-4962F026EA80}.Debug|x86.ActiveCfg = Debug|Any CPU
		{B806FA03-B22E-46F4-AA1C-4962F026EA80}.Debug|x86.Build.0 = Debug|Any CPU
		{B806FA03-B22E-46F4-AA1C-4962F026EA80}.Release|Any CPU.ActiveCfg = Release|Any CPU
		{B806FA03-B22E-46F4-AA1C-4962F026EA80}.Release|Any CPU.Build.0 = Release|Any CPU
		{B806FA03-B22E-46F4-AA1C-4962F026EA80}.Release|x86.ActiveCfg = Release|Any CPU
		{B806FA03-B22E-46F4-AA1C-4962F026EA80}.Release|x86.Build.0 = Release|Any CPU
		{50F8B961-F35B-48A0-AA23-B85AD5DC3860}.Debug|Any CPU.ActiveCfg = Debug|Any CPU
		{50F8B961-F35B-48A0-AA23-B85AD5DC3860}.Debug|Any CPU.Build.0 = Debug|Any CPU
		{50F8B961-F35B-48A0-AA23-B85AD5DC3860}.Debug|x86.ActiveCfg = Debug|x86
		{50F8B961-F35B-48A0-AA23-B85AD5DC3860}.Debug|x86.Build.0 = Debug|x86
		{50F8B961-F35B-48A0-AA23-B85AD5DC3860}.Release|Any CPU.ActiveCfg = Release|Any CPU
		{50F8B961-F35B-48A0-AA23-B85AD5DC3860}.Release|Any CPU.Build.0 = Release|Any CPU
		{50F8B961-F35B-48A0-AA23-B85AD5DC3860}.Release|x86.ActiveCfg = Release|x86
		{50F8B961-F35B-48A0-AA23-B85AD5DC3860}.Release|x86.Build.0 = Release|x86
		{94674DCF-54AB-487D-8349-4C6D30DB9478}.Debug|Any CPU.ActiveCfg = Debug|Any CPU
		{94674DCF-54AB-487D-8349-4C6D30DB9478}.Debug|Any CPU.Build.0 = Debug|Any CPU
		{94674DCF-54AB-487D-8349-4C6D30DB9478}.Debug|x86.ActiveCfg = Debug|Any CPU
		{94674DCF-54AB-487D-8349-4C6D30DB9478}.Debug|x86.Build.0 = Debug|Any CPU
		{94674DCF-54AB-487D-8349-4C6D30DB9478}.Release|Any CPU.ActiveCfg = Release|Any CPU
		{94674DCF-54AB-487D-8349-4C6D30DB9478}.Release|Any CPU.Build.0 = Release|Any CPU
		{94674DCF-54AB-487D-8349-4C6D30DB9478}.Release|x86.ActiveCfg = Release|Any CPU
		{94674DCF-54AB-487D-8349-4C6D30DB9478}.Release|x86.Build.0 = Release|Any CPU
		{65CCEF8D-4F60-49B9-81D4-2A71570F1A20}.Debug|Any CPU.ActiveCfg = Debug|Any CPU
		{65CCEF8D-4F60-49B9-81D4-2A71570F1A20}.Debug|Any CPU.Build.0 = Debug|Any CPU
		{65CCEF8D-4F60-49B9-81D4-2A71570F1A20}.Debug|x86.ActiveCfg = Debug|Any CPU
		{65CCEF8D-4F60-49B9-81D4-2A71570F1A20}.Debug|x86.Build.0 = Debug|Any CPU
		{65CCEF8D-4F60-49B9-81D4-2A71570F1A20}.Release|Any CPU.ActiveCfg = Release|Any CPU
		{65CCEF8D-4F60-49B9-81D4-2A71570F1A20}.Release|Any CPU.Build.0 = Release|Any CPU
		{65CCEF8D-4F60-49B9-81D4-2A71570F1A20}.Release|x86.ActiveCfg = Release|Any CPU
		{65CCEF8D-4F60-49B9-81D4-2A71570F1A20}.Release|x86.Build.0 = Release|Any CPU
	EndGlobalSection
	GlobalSection(SolutionProperties) = preSolution
		HideSolutionNode = FALSE
	EndGlobalSection
	GlobalSection(NestedProjects) = preSolution
		{E5B609A7-67DB-46B0-81CC-ED3E17D5C1A8} = {FB81B7EC-EDB7-4FBD-9C06-30E8AC2864DC}
		{66FCD2D8-8EA8-4A59-8E1D-C6D13AB1D51D} = {EABCEDDE-46B4-4AC0-B878-63A05528072F}
		{E33D00FA-A0FE-44AC-A288-97D07605E0D6} = {C81485B2-EE40-436C-AF15-BC88C79E3247}
		{51C67176-B447-4AAE-9C28-260313AAA8CF} = {0843D997-AC93-4D2C-8D5F-CC8B8FF3DE8F}
		{BB4CEDE8-5FC8-428A-9E53-A739E5F7A43F} = {C81485B2-EE40-436C-AF15-BC88C79E3247}
		{73FB8487-173A-4041-93C9-852E1CA473D9} = {EABCEDDE-46B4-4AC0-B878-63A05528072F}
		{B806FA03-B22E-46F4-AA1C-4962F026EA80} = {C81485B2-EE40-436C-AF15-BC88C79E3247}
		{C81485B2-EE40-436C-AF15-BC88C79E3247} = {EABCEDDE-46B4-4AC0-B878-63A05528072F}
		{50F8B961-F35B-48A0-AA23-B85AD5DC3860} = {FB81B7EC-EDB7-4FBD-9C06-30E8AC2864DC}
		{94674DCF-54AB-487D-8349-4C6D30DB9478} = {FB81B7EC-EDB7-4FBD-9C06-30E8AC2864DC}
		{688F7189-FC94-4CFD-94B7-F5C66F03FE21} = {EABCEDDE-46B4-4AC0-B878-63A05528072F}
		{65CCEF8D-4F60-49B9-81D4-2A71570F1A20} = {688F7189-FC94-4CFD-94B7-F5C66F03FE21}
	EndGlobalSection
EndGlobal
