
Microsoft Visual Studio Solution File, Format Version 12.00
# Visual Studio 2010
Project("{FAE04EC0-301F-11D3-BF4B-00C04F79EFBC}") = "FreeViewer.Host", "FreeViewer.Host\FreeViewer.Host.csproj", "{93B0BC58-7719-4417-8778-8DB0C7A9B6D8}"
EndProject
Project("{FAE04EC0-301F-11D3-BF4B-00C04F79EFBC}") = "FreeViewer.Services.Host", "FreeViewer.Services.Host\FreeViewer.Services.Host.csproj", "{E4882432-DBDC-4AED-98CB-78C10911E6C2}"
EndProject
Project("{FAE04EC0-301F-11D3-BF4B-00C04F79EFBC}") = "FreeViewer.Client", "FreeViewer.Client\FreeViewer.Client.csproj", "{A9C8C4F3-CDF6-4F24-A495-5A4DC82C78E0}"
EndProject
Project("{FAE04EC0-301F-11D3-BF4B-00C04F79EFBC}") = "FreeViewer.Services.Client", "FreeViewer.Services.Client\FreeViewer.Services.Client.csproj", "{94735340-B632-48D0-B82C-B8B965CD1AB8}"
EndProject
Project("{2150E333-8FDC-42A3-9474-1A3956D46DE8}") = "Libraries", "Libraries", "{E08010B6-DE28-43DA-A586-9D915577E75E}"
EndProject
Project("{FAE04EC0-301F-11D3-BF4B-00C04F79EFBC}") = "FreeViewer.Services.Common", "FreeViewer.Services.Common\FreeViewer.Services.Common.csproj", "{A07E5801-FB6D-4832-8356-9D1F66F56675}"
EndProject
Global
	GlobalSection(SolutionConfigurationPlatforms) = preSolution
		Debug|Any CPU = Debug|Any CPU
		Debug|Mixed Platforms = Debug|Mixed Platforms
		Debug|x86 = Debug|x86
		Release|Any CPU = Release|Any CPU
		Release|Mixed Platforms = Release|Mixed Platforms
		Release|x86 = Release|x86
	EndGlobalSection
	GlobalSection(ProjectConfigurationPlatforms) = postSolution
		{93B0BC58-7719-4417-8778-8DB0C7A9B6D8}.Debug|Any CPU.ActiveCfg = Debug|x86
		{93B0BC58-7719-4417-8778-8DB0C7A9B6D8}.Debug|Mixed Platforms.ActiveCfg = Debug|x86
		{93B0BC58-7719-4417-8778-8DB0C7A9B6D8}.Debug|Mixed Platforms.Build.0 = Debug|x86
		{93B0BC58-7719-4417-8778-8DB0C7A9B6D8}.Debug|x86.ActiveCfg = Debug|x86
		{93B0BC58-7719-4417-8778-8DB0C7A9B6D8}.Debug|x86.Build.0 = Debug|x86
		{93B0BC58-7719-4417-8778-8DB0C7A9B6D8}.Release|Any CPU.ActiveCfg = Release|x86
		{93B0BC58-7719-4417-8778-8DB0C7A9B6D8}.Release|Mixed Platforms.ActiveCfg = Release|x86
		{93B0BC58-7719-4417-8778-8DB0C7A9B6D8}.Release|Mixed Platforms.Build.0 = Release|x86
		{93B0BC58-7719-4417-8778-8DB0C7A9B6D8}.Release|x86.ActiveCfg = Release|x86
		{93B0BC58-7719-4417-8778-8DB0C7A9B6D8}.Release|x86.Build.0 = Release|x86
		{E4882432-DBDC-4AED-98CB-78C10911E6C2}.Debug|Any CPU.ActiveCfg = Debug|Any CPU
		{E4882432-DBDC-4AED-98CB-78C10911E6C2}.Debug|Any CPU.Build.0 = Debug|Any CPU
		{E4882432-DBDC-4AED-98CB-78C10911E6C2}.Debug|Mixed Platforms.ActiveCfg = Debug|Any CPU
		{E4882432-DBDC-4AED-98CB-78C10911E6C2}.Debug|Mixed Platforms.Build.0 = Debug|Any CPU
		{E4882432-DBDC-4AED-98CB-78C10911E6C2}.Debug|x86.ActiveCfg = Debug|Any CPU
		{E4882432-DBDC-4AED-98CB-78C10911E6C2}.Release|Any CPU.ActiveCfg = Release|Any CPU
		{E4882432-DBDC-4AED-98CB-78C10911E6C2}.Release|Any CPU.Build.0 = Release|Any CPU
		{E4882432-DBDC-4AED-98CB-78C10911E6C2}.Release|Mixed Platforms.ActiveCfg = Release|Any CPU
		{E4882432-DBDC-4AED-98CB-78C10911E6C2}.Release|Mixed Platforms.Build.0 = Release|Any CPU
		{E4882432-DBDC-4AED-98CB-78C10911E6C2}.Release|x86.ActiveCfg = Release|Any CPU
		{A9C8C4F3-CDF6-4F24-A495-5A4DC82C78E0}.Debug|Any CPU.ActiveCfg = Debug|x86
		{A9C8C4F3-CDF6-4F24-A495-5A4DC82C78E0}.Debug|Mixed Platforms.ActiveCfg = Debug|x86
		{A9C8C4F3-CDF6-4F24-A495-5A4DC82C78E0}.Debug|Mixed Platforms.Build.0 = Debug|x86
		{A9C8C4F3-CDF6-4F24-A495-5A4DC82C78E0}.Debug|x86.ActiveCfg = Debug|x86
		{A9C8C4F3-CDF6-4F24-A495-5A4DC82C78E0}.Debug|x86.Build.0 = Debug|x86
		{A9C8C4F3-CDF6-4F24-A495-5A4DC82C78E0}.Release|Any CPU.ActiveCfg = Release|x86
		{A9C8C4F3-CDF6-4F24-A495-5A4DC82C78E0}.Release|Mixed Platforms.ActiveCfg = Release|x86
		{A9C8C4F3-CDF6-4F24-A495-5A4DC82C78E0}.Release|Mixed Platforms.Build.0 = Release|x86
		{A9C8C4F3-CDF6-4F24-A495-5A4DC82C78E0}.Release|x86.ActiveCfg = Release|x86
		{A9C8C4F3-CDF6-4F24-A495-5A4DC82C78E0}.Release|x86.Build.0 = Release|x86
		{94735340-B632-48D0-B82C-B8B965CD1AB8}.Debug|Any CPU.ActiveCfg = Debug|Any CPU
		{94735340-B632-48D0-B82C-B8B965CD1AB8}.Debug|Any CPU.Build.0 = Debug|Any CPU
		{94735340-B632-48D0-B82C-B8B965CD1AB8}.Debug|Mixed Platforms.ActiveCfg = Debug|Any CPU
		{94735340-B632-48D0-B82C-B8B965CD1AB8}.Debug|Mixed Platforms.Build.0 = Debug|Any CPU
		{94735340-B632-48D0-B82C-B8B965CD1AB8}.Debug|x86.ActiveCfg = Debug|Any CPU
		{94735340-B632-48D0-B82C-B8B965CD1AB8}.Release|Any CPU.ActiveCfg = Release|Any CPU
		{94735340-B632-48D0-B82C-B8B965CD1AB8}.Release|Any CPU.Build.0 = Release|Any CPU
		{94735340-B632-48D0-B82C-B8B965CD1AB8}.Release|Mixed Platforms.ActiveCfg = Release|Any CPU
		{94735340-B632-48D0-B82C-B8B965CD1AB8}.Release|Mixed Platforms.Build.0 = Release|Any CPU
		{94735340-B632-48D0-B82C-B8B965CD1AB8}.Release|x86.ActiveCfg = Release|Any CPU
		{A07E5801-FB6D-4832-8356-9D1F66F56675}.Debug|Any CPU.ActiveCfg = Debug|Any CPU
		{A07E5801-FB6D-4832-8356-9D1F66F56675}.Debug|Any CPU.Build.0 = Debug|Any CPU
		{A07E5801-FB6D-4832-8356-9D1F66F56675}.Debug|Mixed Platforms.ActiveCfg = Debug|Any CPU
		{A07E5801-FB6D-4832-8356-9D1F66F56675}.Debug|Mixed Platforms.Build.0 = Debug|Any CPU
		{A07E5801-FB6D-4832-8356-9D1F66F56675}.Debug|x86.ActiveCfg = Debug|Any CPU
		{A07E5801-FB6D-4832-8356-9D1F66F56675}.Release|Any CPU.ActiveCfg = Release|Any CPU
		{A07E5801-FB6D-4832-8356-9D1F66F56675}.Release|Any CPU.Build.0 = Release|Any CPU
		{A07E5801-FB6D-4832-8356-9D1F66F56675}.Release|Mixed Platforms.ActiveCfg = Release|Any CPU
		{A07E5801-FB6D-4832-8356-9D1F66F56675}.Release|Mixed Platforms.Build.0 = Release|Any CPU
		{A07E5801-FB6D-4832-8356-9D1F66F56675}.Release|x86.ActiveCfg = Release|Any CPU
	EndGlobalSection
	GlobalSection(SolutionProperties) = preSolution
		HideSolutionNode = FALSE
	EndGlobalSection
	GlobalSection(NestedProjects) = preSolution
		{E4882432-DBDC-4AED-98CB-78C10911E6C2} = {E08010B6-DE28-43DA-A586-9D915577E75E}
		{94735340-B632-48D0-B82C-B8B965CD1AB8} = {E08010B6-DE28-43DA-A586-9D915577E75E}
		{A07E5801-FB6D-4832-8356-9D1F66F56675} = {E08010B6-DE28-43DA-A586-9D915577E75E}
	EndGlobalSection
EndGlobal
