
Microsoft Visual Studio Solution File, Format Version 12.00
# Visual Studio 14
VisualStudioVersion = 14.0.24720.0
MinimumVisualStudioVersion = 10.0.40219.1
Project("{2150E333-8FDC-42A3-9474-1A3956D46DE8}") = "Libs", "Libs", "{EABCEDDE-46B4-4AC0-B878-63A05528072F}"
EndProject
Project("{2150E333-8FDC-42A3-9474-1A3956D46DE8}") = "Services", "Services", "{C81485B2-EE40-436C-AF15-BC88C79E3247}"
EndProject
Project("{2150E333-8FDC-42A3-9474-1A3956D46DE8}") = "Apps", "Apps", "{FB81B7EC-EDB7-4FBD-9C06-30E8AC2864DC}"
EndProject
Project("{2150E333-8FDC-42A3-9474-1A3956D46DE8}") = "Tests", "Tests", "{0843D997-AC93-4D2C-8D5F-CC8B8FF3DE8F}"
EndProject
Project("{2150E333-8FDC-42A3-9474-1A3956D46DE8}") = "External", "External", "{688F7189-FC94-4CFD-94B7-F5C66F03FE21}"
EndProject
Project("{FAE04EC0-301F-11D3-BF4B-00C04F79EFBC}") = "SharpRUDP", "SharpRUDP\SharpRUDP\SharpRUDP\SharpRUDP.csproj", "{65CCEF8D-4F60-49B9-81D4-2A71570F1A20}"
EndProject
Project("{FAE04EC0-301F-11D3-BF4B-00C04F79EFBC}") = "FreeRDC.Network", "FreeRDC.Network\FreeRDC.Network.csproj", "{CEAF8457-FB6A-4188-B207-F4818E6B9B94}"
EndProject
Project("{FAE04EC0-301F-11D3-BF4B-00C04F79EFBC}") = "FreeRDC.Services.Master", "FreeRDC.Services.Master\FreeRDC.Services.Master.csproj", "{F1723812-BEDB-429C-8E84-41F2451BBD64}"
EndProject
Project("{FAE04EC0-301F-11D3-BF4B-00C04F79EFBC}") = "FreeRDC.LiveTests", "FreeRDC.LiveTests\FreeRDC.LiveTests.csproj", "{B2D93847-452C-406F-BFDD-626F9F483A49}"
EndProject
Project("{FAE04EC0-301F-11D3-BF4B-00C04F79EFBC}") = "FreeRDC.Services.Host", "FreeRDC.Services.Host\FreeRDC.Services.Host.csproj", "{F0898DE2-2C6C-4923-8345-0A6F761D25A4}"
EndProject
Project("{FAE04EC0-301F-11D3-BF4B-00C04F79EFBC}") = "FreeRDC.Common", "FreeRDC.Common\FreeRDC.Common.csproj", "{57BE33EF-A6E7-425C-ACC3-EC001EF40DFB}"
EndProject
Project("{FAE04EC0-301F-11D3-BF4B-00C04F79EFBC}") = "FreeRDC.Services.Client", "FreeRDC.Services.Client\FreeRDC.Services.Client.csproj", "{94346A18-BDDB-4FD0-A308-8B2E8D94B8BC}"
EndProject
Project("{FAE04EC0-301F-11D3-BF4B-00C04F79EFBC}") = "FreeRDC.Master", "FreeRDC.Master\FreeRDC.Master.csproj", "{D5311FF0-D47F-4BAC-8842-21CC0775DBC0}"
EndProject
Project("{FAE04EC0-301F-11D3-BF4B-00C04F79EFBC}") = "FreeRDC.Host", "FreeRDC.Host\FreeRDC.Host.csproj", "{33B350E5-C841-4C3D-9CE9-F5477294F3EB}"
EndProject
Project("{FAE04EC0-301F-11D3-BF4B-00C04F79EFBC}") = "FreeRDC.Client", "FreeRDC.Client\FreeRDC.Client.csproj", "{8FEBAF8A-C8FC-45CF-AAC1-64D463E450E6}"
EndProject
Global
	GlobalSection(SolutionConfigurationPlatforms) = preSolution
		Debug|Any CPU = Debug|Any CPU
		Debug|x86 = Debug|x86
		Release|Any CPU = Release|Any CPU
		Release|x86 = Release|x86
	EndGlobalSection
	GlobalSection(ProjectConfigurationPlatforms) = postSolution
		{65CCEF8D-4F60-49B9-81D4-2A71570F1A20}.Debug|Any CPU.ActiveCfg = Debug|Any CPU
		{65CCEF8D-4F60-49B9-81D4-2A71570F1A20}.Debug|Any CPU.Build.0 = Debug|Any CPU
		{65CCEF8D-4F60-49B9-81D4-2A71570F1A20}.Debug|x86.ActiveCfg = Debug|Any CPU
		{65CCEF8D-4F60-49B9-81D4-2A71570F1A20}.Debug|x86.Build.0 = Debug|Any CPU
		{65CCEF8D-4F60-49B9-81D4-2A71570F1A20}.Release|Any CPU.ActiveCfg = Release|Any CPU
		{65CCEF8D-4F60-49B9-81D4-2A71570F1A20}.Release|Any CPU.Build.0 = Release|Any CPU
		{65CCEF8D-4F60-49B9-81D4-2A71570F1A20}.Release|x86.ActiveCfg = Release|Any CPU
		{65CCEF8D-4F60-49B9-81D4-2A71570F1A20}.Release|x86.Build.0 = Release|Any CPU
		{CEAF8457-FB6A-4188-B207-F4818E6B9B94}.Debug|Any CPU.ActiveCfg = Debug|Any CPU
		{CEAF8457-FB6A-4188-B207-F4818E6B9B94}.Debug|Any CPU.Build.0 = Debug|Any CPU
		{CEAF8457-FB6A-4188-B207-F4818E6B9B94}.Debug|x86.ActiveCfg = Debug|Any CPU
		{CEAF8457-FB6A-4188-B207-F4818E6B9B94}.Debug|x86.Build.0 = Debug|Any CPU
		{CEAF8457-FB6A-4188-B207-F4818E6B9B94}.Release|Any CPU.ActiveCfg = Release|Any CPU
		{CEAF8457-FB6A-4188-B207-F4818E6B9B94}.Release|Any CPU.Build.0 = Release|Any CPU
		{CEAF8457-FB6A-4188-B207-F4818E6B9B94}.Release|x86.ActiveCfg = Release|Any CPU
		{CEAF8457-FB6A-4188-B207-F4818E6B9B94}.Release|x86.Build.0 = Release|Any CPU
		{F1723812-BEDB-429C-8E84-41F2451BBD64}.Debug|Any CPU.ActiveCfg = Debug|Any CPU
		{F1723812-BEDB-429C-8E84-41F2451BBD64}.Debug|Any CPU.Build.0 = Debug|Any CPU
		{F1723812-BEDB-429C-8E84-41F2451BBD64}.Debug|x86.ActiveCfg = Debug|Any CPU
		{F1723812-BEDB-429C-8E84-41F2451BBD64}.Debug|x86.Build.0 = Debug|Any CPU
		{F1723812-BEDB-429C-8E84-41F2451BBD64}.Release|Any CPU.ActiveCfg = Release|Any CPU
		{F1723812-BEDB-429C-8E84-41F2451BBD64}.Release|Any CPU.Build.0 = Release|Any CPU
		{F1723812-BEDB-429C-8E84-41F2451BBD64}.Release|x86.ActiveCfg = Release|Any CPU
		{F1723812-BEDB-429C-8E84-41F2451BBD64}.Release|x86.Build.0 = Release|Any CPU
		{B2D93847-452C-406F-BFDD-626F9F483A49}.Debug|Any CPU.ActiveCfg = Debug|Any CPU
		{B2D93847-452C-406F-BFDD-626F9F483A49}.Debug|Any CPU.Build.0 = Debug|Any CPU
		{B2D93847-452C-406F-BFDD-626F9F483A49}.Debug|x86.ActiveCfg = Debug|Any CPU
		{B2D93847-452C-406F-BFDD-626F9F483A49}.Debug|x86.Build.0 = Debug|Any CPU
		{B2D93847-452C-406F-BFDD-626F9F483A49}.Release|Any CPU.ActiveCfg = Release|Any CPU
		{B2D93847-452C-406F-BFDD-626F9F483A49}.Release|Any CPU.Build.0 = Release|Any CPU
		{B2D93847-452C-406F-BFDD-626F9F483A49}.Release|x86.ActiveCfg = Release|Any CPU
		{B2D93847-452C-406F-BFDD-626F9F483A49}.Release|x86.Build.0 = Release|Any CPU
		{F0898DE2-2C6C-4923-8345-0A6F761D25A4}.Debug|Any CPU.ActiveCfg = Debug|Any CPU
		{F0898DE2-2C6C-4923-8345-0A6F761D25A4}.Debug|Any CPU.Build.0 = Debug|Any CPU
		{F0898DE2-2C6C-4923-8345-0A6F761D25A4}.Debug|x86.ActiveCfg = Debug|Any CPU
		{F0898DE2-2C6C-4923-8345-0A6F761D25A4}.Debug|x86.Build.0 = Debug|Any CPU
		{F0898DE2-2C6C-4923-8345-0A6F761D25A4}.Release|Any CPU.ActiveCfg = Release|Any CPU
		{F0898DE2-2C6C-4923-8345-0A6F761D25A4}.Release|Any CPU.Build.0 = Release|Any CPU
		{F0898DE2-2C6C-4923-8345-0A6F761D25A4}.Release|x86.ActiveCfg = Release|Any CPU
		{F0898DE2-2C6C-4923-8345-0A6F761D25A4}.Release|x86.Build.0 = Release|Any CPU
		{57BE33EF-A6E7-425C-ACC3-EC001EF40DFB}.Debug|Any CPU.ActiveCfg = Debug|Any CPU
		{57BE33EF-A6E7-425C-ACC3-EC001EF40DFB}.Debug|Any CPU.Build.0 = Debug|Any CPU
		{57BE33EF-A6E7-425C-ACC3-EC001EF40DFB}.Debug|x86.ActiveCfg = Debug|Any CPU
		{57BE33EF-A6E7-425C-ACC3-EC001EF40DFB}.Debug|x86.Build.0 = Debug|Any CPU
		{57BE33EF-A6E7-425C-ACC3-EC001EF40DFB}.Release|Any CPU.ActiveCfg = Release|Any CPU
		{57BE33EF-A6E7-425C-ACC3-EC001EF40DFB}.Release|Any CPU.Build.0 = Release|Any CPU
		{57BE33EF-A6E7-425C-ACC3-EC001EF40DFB}.Release|x86.ActiveCfg = Release|Any CPU
		{57BE33EF-A6E7-425C-ACC3-EC001EF40DFB}.Release|x86.Build.0 = Release|Any CPU
		{94346A18-BDDB-4FD0-A308-8B2E8D94B8BC}.Debug|Any CPU.ActiveCfg = Debug|Any CPU
		{94346A18-BDDB-4FD0-A308-8B2E8D94B8BC}.Debug|Any CPU.Build.0 = Debug|Any CPU
		{94346A18-BDDB-4FD0-A308-8B2E8D94B8BC}.Debug|x86.ActiveCfg = Debug|Any CPU
		{94346A18-BDDB-4FD0-A308-8B2E8D94B8BC}.Debug|x86.Build.0 = Debug|Any CPU
		{94346A18-BDDB-4FD0-A308-8B2E8D94B8BC}.Release|Any CPU.ActiveCfg = Release|Any CPU
		{94346A18-BDDB-4FD0-A308-8B2E8D94B8BC}.Release|Any CPU.Build.0 = Release|Any CPU
		{94346A18-BDDB-4FD0-A308-8B2E8D94B8BC}.Release|x86.ActiveCfg = Release|Any CPU
		{94346A18-BDDB-4FD0-A308-8B2E8D94B8BC}.Release|x86.Build.0 = Release|Any CPU
		{D5311FF0-D47F-4BAC-8842-21CC0775DBC0}.Debug|Any CPU.ActiveCfg = Debug|Any CPU
		{D5311FF0-D47F-4BAC-8842-21CC0775DBC0}.Debug|Any CPU.Build.0 = Debug|Any CPU
		{D5311FF0-D47F-4BAC-8842-21CC0775DBC0}.Debug|x86.ActiveCfg = Debug|Any CPU
		{D5311FF0-D47F-4BAC-8842-21CC0775DBC0}.Debug|x86.Build.0 = Debug|Any CPU
		{D5311FF0-D47F-4BAC-8842-21CC0775DBC0}.Release|Any CPU.ActiveCfg = Release|Any CPU
		{D5311FF0-D47F-4BAC-8842-21CC0775DBC0}.Release|Any CPU.Build.0 = Release|Any CPU
		{D5311FF0-D47F-4BAC-8842-21CC0775DBC0}.Release|x86.ActiveCfg = Release|Any CPU
		{D5311FF0-D47F-4BAC-8842-21CC0775DBC0}.Release|x86.Build.0 = Release|Any CPU
		{33B350E5-C841-4C3D-9CE9-F5477294F3EB}.Debug|Any CPU.ActiveCfg = Debug|Any CPU
		{33B350E5-C841-4C3D-9CE9-F5477294F3EB}.Debug|Any CPU.Build.0 = Debug|Any CPU
		{33B350E5-C841-4C3D-9CE9-F5477294F3EB}.Debug|x86.ActiveCfg = Debug|Any CPU
		{33B350E5-C841-4C3D-9CE9-F5477294F3EB}.Debug|x86.Build.0 = Debug|Any CPU
		{33B350E5-C841-4C3D-9CE9-F5477294F3EB}.Release|Any CPU.ActiveCfg = Release|Any CPU
		{33B350E5-C841-4C3D-9CE9-F5477294F3EB}.Release|Any CPU.Build.0 = Release|Any CPU
		{33B350E5-C841-4C3D-9CE9-F5477294F3EB}.Release|x86.ActiveCfg = Release|Any CPU
		{33B350E5-C841-4C3D-9CE9-F5477294F3EB}.Release|x86.Build.0 = Release|Any CPU
		{8FEBAF8A-C8FC-45CF-AAC1-64D463E450E6}.Debug|Any CPU.ActiveCfg = Debug|Any CPU
		{8FEBAF8A-C8FC-45CF-AAC1-64D463E450E6}.Debug|Any CPU.Build.0 = Debug|Any CPU
		{8FEBAF8A-C8FC-45CF-AAC1-64D463E450E6}.Debug|x86.ActiveCfg = Debug|Any CPU
		{8FEBAF8A-C8FC-45CF-AAC1-64D463E450E6}.Debug|x86.Build.0 = Debug|Any CPU
		{8FEBAF8A-C8FC-45CF-AAC1-64D463E450E6}.Release|Any CPU.ActiveCfg = Release|Any CPU
		{8FEBAF8A-C8FC-45CF-AAC1-64D463E450E6}.Release|Any CPU.Build.0 = Release|Any CPU
		{8FEBAF8A-C8FC-45CF-AAC1-64D463E450E6}.Release|x86.ActiveCfg = Release|Any CPU
		{8FEBAF8A-C8FC-45CF-AAC1-64D463E450E6}.Release|x86.Build.0 = Release|Any CPU
	EndGlobalSection
	GlobalSection(SolutionProperties) = preSolution
		HideSolutionNode = FALSE
	EndGlobalSection
	GlobalSection(NestedProjects) = preSolution
		{C81485B2-EE40-436C-AF15-BC88C79E3247} = {EABCEDDE-46B4-4AC0-B878-63A05528072F}
		{688F7189-FC94-4CFD-94B7-F5C66F03FE21} = {EABCEDDE-46B4-4AC0-B878-63A05528072F}
		{65CCEF8D-4F60-49B9-81D4-2A71570F1A20} = {688F7189-FC94-4CFD-94B7-F5C66F03FE21}
		{CEAF8457-FB6A-4188-B207-F4818E6B9B94} = {EABCEDDE-46B4-4AC0-B878-63A05528072F}
		{F1723812-BEDB-429C-8E84-41F2451BBD64} = {C81485B2-EE40-436C-AF15-BC88C79E3247}
		{B2D93847-452C-406F-BFDD-626F9F483A49} = {0843D997-AC93-4D2C-8D5F-CC8B8FF3DE8F}
		{F0898DE2-2C6C-4923-8345-0A6F761D25A4} = {C81485B2-EE40-436C-AF15-BC88C79E3247}
		{57BE33EF-A6E7-425C-ACC3-EC001EF40DFB} = {EABCEDDE-46B4-4AC0-B878-63A05528072F}
		{94346A18-BDDB-4FD0-A308-8B2E8D94B8BC} = {C81485B2-EE40-436C-AF15-BC88C79E3247}
		{D5311FF0-D47F-4BAC-8842-21CC0775DBC0} = {FB81B7EC-EDB7-4FBD-9C06-30E8AC2864DC}
		{33B350E5-C841-4C3D-9CE9-F5477294F3EB} = {FB81B7EC-EDB7-4FBD-9C06-30E8AC2864DC}
		{8FEBAF8A-C8FC-45CF-AAC1-64D463E450E6} = {FB81B7EC-EDB7-4FBD-9C06-30E8AC2864DC}
	EndGlobalSection
EndGlobal
